// !$*UTF8*$!
{
	archiveVersion = 1;
	classes = {
	};
	objectVersion = 46;
	objects = {

/* Begin PBXBuildFile section */
		6C18E83F1C61380400F66E7F /* AppDelegate.swift in Sources */ = {isa = PBXBuildFile; fileRef = 6C18E83E1C61380400F66E7F /* AppDelegate.swift */; };
		6C18E8411C61380400F66E7F /* ViewController.swift in Sources */ = {isa = PBXBuildFile; fileRef = 6C18E8401C61380400F66E7F /* ViewController.swift */; };
		6C18E8461C61380400F66E7F /* Assets.xcassets in Resources */ = {isa = PBXBuildFile; fileRef = 6C18E8451C61380400F66E7F /* Assets.xcassets */; };
		6C18E8491C61380400F66E7F /* LaunchScreen.storyboard in Resources */ = {isa = PBXBuildFile; fileRef = 6C18E8471C61380400F66E7F /* LaunchScreen.storyboard */; };
		6C18E8511C613B6700F66E7F /* pokemon.csv in Resources */ = {isa = PBXBuildFile; fileRef = 6C18E8501C613B6700F66E7F /* pokemon.csv */; };
		6C18E8541C613D9900F66E7F /* pokemon.swift in Sources */ = {isa = PBXBuildFile; fileRef = 6C18E8531C613D9900F66E7F /* pokemon.swift */; };
		6C18E8581C6144C800F66E7F /* PokeCell.swift in Sources */ = {isa = PBXBuildFile; fileRef = 6C18E8571C6144C800F66E7F /* PokeCell.swift */; };
		6C18E85A1C61509900F66E7F /* csv.swift in Sources */ = {isa = PBXBuildFile; fileRef = 6C18E8591C61509900F66E7F /* csv.swift */; };
		6C18E85F1C6159CE00F66E7F /* pokemonfont.ttf in Resources */ = {isa = PBXBuildFile; fileRef = 6C18E85E1C6159CE00F66E7F /* pokemonfont.ttf */; };
		6C18E8611C615B3900F66E7F /* music.mp3 in Resources */ = {isa = PBXBuildFile; fileRef = 6C18E8601C615B3900F66E7F /* music.mp3 */; };
		6C18E8891C62966400F66E7F /* PokemonDetailVC.swift in Sources */ = {isa = PBXBuildFile; fileRef = 6C18E8881C62966400F66E7F /* PokemonDetailVC.swift */; };
		6C18E88B1C629CA800F66E7F /* Main.storyboard in Resources */ = {isa = PBXBuildFile; fileRef = 6C18E88A1C629CA800F66E7F /* Main.storyboard */; };
/* End PBXBuildFile section */

/* Begin PBXFileReference section */
		6C18E83B1C61380400F66E7F /* PokeDex.app */ = {isa = PBXFileReference; explicitFileType = wrapper.application; includeInIndex = 0; path = PokeDex.app; sourceTree = BUILT_PRODUCTS_DIR; };
		6C18E83E1C61380400F66E7F /* AppDelegate.swift */ = {isa = PBXFileReference; lastKnownFileType = sourcecode.swift; path = AppDelegate.swift; sourceTree = "<group>"; };
		6C18E8401C61380400F66E7F /* ViewController.swift */ = {isa = PBXFileReference; lastKnownFileType = sourcecode.swift; path = ViewController.swift; sourceTree = "<group>"; };
		6C18E8451C61380400F66E7F /* Assets.xcassets */ = {isa = PBXFileReference; lastKnownFileType = folder.assetcatalog; path = Assets.xcassets; sourceTree = "<group>"; };
		6C18E8481C61380400F66E7F /* Base */ = {isa = PBXFileReference; lastKnownFileType = file.storyboard; name = Base; path = Base.lproj/LaunchScreen.storyboard; sourceTree = "<group>"; };
		6C18E84A1C61380400F66E7F /* Info.plist */ = {isa = PBXFileReference; lastKnownFileType = text.plist.xml; path = Info.plist; sourceTree = "<group>"; };
		6C18E8501C613B6700F66E7F /* pokemon.csv */ = {isa = PBXFileReference; fileEncoding = 4; lastKnownFileType = text; path = pokemon.csv; sourceTree = "<group>"; };
		6C18E8531C613D9900F66E7F /* pokemon.swift */ = {isa = PBXFileReference; fileEncoding = 4; lastKnownFileType = sourcecode.swift; path = pokemon.swift; sourceTree = "<group>"; };
		6C18E8571C6144C800F66E7F /* PokeCell.swift */ = {isa = PBXFileReference; fileEncoding = 4; lastKnownFileType = sourcecode.swift; path = PokeCell.swift; sourceTree = "<group>"; };
		6C18E8591C61509900F66E7F /* csv.swift */ = {isa = PBXFileReference; fileEncoding = 4; lastKnownFileType = sourcecode.swift; path = csv.swift; sourceTree = "<group>"; };
		6C18E85E1C6159CE00F66E7F /* pokemonfont.ttf */ = {isa = PBXFileReference; lastKnownFileType = file; path = pokemonfont.ttf; sourceTree = "<group>"; };
		6C18E8601C615B3900F66E7F /* music.mp3 */ = {isa = PBXFileReference; lastKnownFileType = audio.mp3; path = music.mp3; sourceTree = "<group>"; };
		6C18E8881C62966400F66E7F /* PokemonDetailVC.swift */ = {isa = PBXFileReference; fileEncoding = 4; lastKnownFileType = sourcecode.swift; path = PokemonDetailVC.swift; sourceTree = "<group>"; };
		6C18E88A1C629CA800F66E7F /* Main.storyboard */ = {isa = PBXFileReference; fileEncoding = 4; lastKnownFileType = file.storyboard; path = Main.storyboard; sourceTree = "<group>"; };
/* End PBXFileReference section */

/* Begin PBXFrameworksBuildPhase section */
		6C18E8381C61380400F66E7F /* Frameworks */ = {
			isa = PBXFrameworksBuildPhase;
			buildActionMask = 2147483647;
			files = (
			);
			runOnlyForDeploymentPostprocessing = 0;
		};
/* End PBXFrameworksBuildPhase section */

/* Begin PBXGroup section */
		6C18E8321C61380400F66E7F = {
			isa = PBXGroup;
			children = (
				6C18E83D1C61380400F66E7F /* PokeDex */,
				6C18E83C1C61380400F66E7F /* Products */,
			);
			sourceTree = "<group>";
		};
		6C18E83C1C61380400F66E7F /* Products */ = {
			isa = PBXGroup;
			children = (
				6C18E83B1C61380400F66E7F /* PokeDex.app */,
			);
			name = Products;
			sourceTree = "<group>";
		};
		6C18E83D1C61380400F66E7F /* PokeDex */ = {
			isa = PBXGroup;
			children = (
				6C18E85D1C6150C300F66E7F /* resources */,
				6C18E85C1C6150B900F66E7F /* controller */,
				6C18E85B1C6150AD00F66E7F /* util */,
				6C18E8521C613D8D00F66E7F /* model */,
				6C18E8561C61448B00F66E7F /* view */,
				6C18E83E1C61380400F66E7F /* AppDelegate.swift */,
				6C18E8451C61380400F66E7F /* Assets.xcassets */,
				6C18E8601C615B3900F66E7F /* music.mp3 */,
				6C18E8471C61380400F66E7F /* LaunchScreen.storyboard */,
				6C18E84A1C61380400F66E7F /* Info.plist */,
			);
			path = PokeDex;
			sourceTree = "<group>";
		};
		6C18E8521C613D8D00F66E7F /* model */ = {
			isa = PBXGroup;
			children = (
				6C18E8531C613D9900F66E7F /* pokemon.swift */,
			);
			name = model;
			sourceTree = "<group>";
		};
		6C18E8561C61448B00F66E7F /* view */ = {
			isa = PBXGroup;
			children = (
				6C18E88A1C629CA800F66E7F /* Main.storyboard */,
				6C18E8571C6144C800F66E7F /* PokeCell.swift */,
			);
			name = view;
			sourceTree = "<group>";
		};
		6C18E85B1C6150AD00F66E7F /* util */ = {
			isa = PBXGroup;
			children = (
				6C18E8591C61509900F66E7F /* csv.swift */,
			);
			name = util;
			sourceTree = "<group>";
		};
		6C18E85C1C6150B900F66E7F /* controller */ = {
			isa = PBXGroup;
			children = (
				6C18E8401C61380400F66E7F /* ViewController.swift */,
				6C18E8881C62966400F66E7F /* PokemonDetailVC.swift */,
			);
			name = controller;
			sourceTree = "<group>";
		};
		6C18E85D1C6150C300F66E7F /* resources */ = {
			isa = PBXGroup;
			children = (
				6C18E8501C613B6700F66E7F /* pokemon.csv */,
				6C18E85E1C6159CE00F66E7F /* pokemonfont.ttf */,
			);
			name = resources;
			sourceTree = "<group>";
		};
/* End PBXGroup section */

/* Begin PBXNativeTarget section */
		6C18E83A1C61380400F66E7F /* PokeDex */ = {
			isa = PBXNativeTarget;
			buildConfigurationList = 6C18E84D1C61380400F66E7F /* Build configuration list for PBXNativeTarget "PokeDex" */;
			buildPhases = (
				6C18E8371C61380400F66E7F /* Sources */,
				6C18E8381C61380400F66E7F /* Frameworks */,
				6C18E8391C61380400F66E7F /* Resources */,
			);
			buildRules = (
			);
			dependencies = (
			);
			name = PokeDex;
			productName = PokeDex;
			productReference = 6C18E83B1C61380400F66E7F /* PokeDex.app */;
			productType = "com.apple.product-type.application";
		};
/* End PBXNativeTarget section */

/* Begin PBXProject section */
		6C18E8331C61380400F66E7F /* Project object */ = {
			isa = PBXProject;
			attributes = {
				LastSwiftUpdateCheck = 0720;
				LastUpgradeCheck = 0720;
				ORGANIZATIONNAME = "chad parr";
				TargetAttributes = {
					6C18E83A1C61380400F66E7F = {
						CreatedOnToolsVersion = 7.2;
					};
				};
			};
			buildConfigurationList = 6C18E8361C61380400F66E7F /* Build configuration list for PBXProject "PokeDex" */;
			compatibilityVersion = "Xcode 3.2";
			developmentRegion = English;
			hasScannedForEncodings = 0;
			knownRegions = (
				en,
				Base,
			);
			mainGroup = 6C18E8321C61380400F66E7F;
			productRefGroup = 6C18E83C1C61380400F66E7F /* Products */;
			projectDirPath = "";
			projectRoot = "";
			targets = (
				6C18E83A1C61380400F66E7F /* PokeDex */,
			);
		};
/* End PBXProject section */

/* Begin PBXResourcesBuildPhase section */
		6C18E8391C61380400F66E7F /* Resources */ = {
			isa = PBXResourcesBuildPhase;
			buildActionMask = 2147483647;
			files = (
				6C18E8491C61380400F66E7F /* LaunchScreen.storyboard in Resources */,
				6C18E85F1C6159CE00F66E7F /* pokemonfont.ttf in Resources */,
				6C18E8611C615B3900F66E7F /* music.mp3 in Resources */,
				6C18E88B1C629CA800F66E7F /* Main.storyboard in Resources */,
				6C18E8461C61380400F66E7F /* Assets.xcassets in Resources */,
				6C18E8511C613B6700F66E7F /* pokemon.csv in Resources */,
			);
			runOnlyForDeploymentPostprocessing = 0;
		};
/* End PBXResourcesBuildPhase section */

/* Begin PBXSourcesBuildPhase section */
		6C18E8371C61380400F66E7F /* Sources */ = {
			isa = PBXSourcesBuildPhase;
			buildActionMask = 2147483647;
			files = (
				6C18E8581C6144C800F66E7F /* PokeCell.swift in Sources */,
				6C18E8541C613D9900F66E7F /* pokemon.swift in Sources */,
				6C18E8411C61380400F66E7F /* ViewController.swift in Sources */,
				6C18E8891C62966400F66E7F /* PokemonDetailVC.swift in Sources */,
				6C18E83F1C61380400F66E7F /* AppDelegate.swift in Sources */,
				6C18E85A1C61509900F66E7F /* csv.swift in Sources */,
			);
			runOnlyForDeploymentPostprocessing = 0;
		};
/* End PBXSourcesBuildPhase section */

/* Begin PBXVariantGroup section */
		6C18E8471C61380400F66E7F /* LaunchScreen.storyboard */ = {
			isa = PBXVariantGroup;
			children = (
				6C18E8481C61380400F66E7F /* Base */,
			);
			name = LaunchScreen.storyboard;
			sourceTree = "<group>";
		};
/* End PBXVariantGroup section */

/* Begin XCBuildConfiguration section */
		6C18E84B1C61380400F66E7F /* Debug */ = {
			isa = XCBuildConfiguration;
			buildSettings = {
				ALWAYS_SEARCH_USER_PATHS = NO;
				CLANG_CXX_LANGUAGE_STANDARD = "gnu++0x";
				CLANG_CXX_LIBRARY = "libc++";
				CLANG_ENABLE_MODULES = YES;
				CLANG_ENABLE_OBJC_ARC = YES;
				CLANG_WARN_BOOL_CONVERSION = YES;
				CLANG_WARN_CONSTANT_CONVERSION = YES;
				CLANG_WARN_DIRECT_OBJC_ISA_USAGE = YES_ERROR;
				CLANG_WARN_EMPTY_BODY = YES;
				CLANG_WARN_ENUM_CONVERSION = YES;
				CLANG_WARN_INT_CONVERSION = YES;
				CLANG_WARN_OBJC_ROOT_CLASS = YES_ERROR;
				CLANG_WARN_UNREACHABLE_CODE = YES;
				CLANG_WARN__DUPLICATE_METHOD_MATCH = YES;
				"CODE_SIGN_IDENTITY[sdk=iphoneos*]" = "iPhone Developer";
				COPY_PHASE_STRIP = NO;
				DEBUG_INFORMATION_FORMAT = dwarf;
				ENABLE_STRICT_OBJC_MSGSEND = YES;
				ENABLE_TESTABILITY = YES;
				GCC_C_LANGUAGE_STANDARD = gnu99;
				GCC_DYNAMIC_NO_PIC = NO;
				GCC_NO_COMMON_BLOCKS = YES;
				GCC_OPTIMIZATION_LEVEL = 0;
				GCC_PREPROCESSOR_DEFINITIONS = (
					"DEBUG=1",
					"$(inherited)",
				);
				GCC_WARN_64_TO_32_BIT_CONVERSION = YES;
				GCC_WARN_ABOUT_RETURN_TYPE = YES_ERROR;
				GCC_WARN_UNDECLARED_SELECTOR = YES;
				GCC_WARN_UNINITIALIZED_AUTOS = YES_AGGRESSIVE;
				GCC_WARN_UNUSED_FUNCTION = YES;
				GCC_WARN_UNUSED_VARIABLE = YES;
				IPHONEOS_DEPLOYMENT_TARGET = 9.2;
				MTL_ENABLE_DEBUG_INFO = YES;
				ONLY_ACTIVE_ARCH = YES;
				SDKROOT = iphoneos;
				SWIFT_OPTIMIZATION_LEVEL = "-Onone";
				TARGETED_DEVICE_FAMILY = "1,2";
			};
			name = Debug;
		};
		6C18E84C1C61380400F66E7F /* Release */ = {
			isa = XCBuildConfiguration;
			buildSettings = {
				ALWAYS_SEARCH_USER_PATHS = NO;
				CLANG_CXX_LANGUAGE_STANDARD = "gnu++0x";
				CLANG_CXX_LIBRARY = "libc++";
				CLANG_ENABLE_MODULES = YES;
				CLANG_ENABLE_OBJC_ARC = YES;
				CLANG_WARN_BOOL_CONVERSION = YES;
				CLANG_WARN_CONSTANT_CONVERSION = YES;
				CLANG_WARN_DIRECT_OBJC_ISA_USAGE = YES_ERROR;
				CLANG_WARN_EMPTY_BODY = YES;
				CLANG_WARN_ENUM_CONVERSION = YES;
				CLANG_WARN_INT_CONVERSION = YES;
				CLANG_WARN_OBJC_ROOT_CLASS = YES_ERROR;
				CLANG_WARN_UNREACHABLE_CODE = YES;
				CLANG_WARN__DUPLICATE_METHOD_MATCH = YES;
				"CODE_SIGN_IDENTITY[sdk=iphoneos*]" = "iPhone Developer";
				COPY_PHASE_STRIP = NO;
				DEBUG_INFORMATION_FORMAT = "dwarf-with-dsym";
				ENABLE_NS_ASSERTIONS = NO;
				ENABLE_STRICT_OBJC_MSGSEND = YES;
				GCC_C_LANGUAGE_STANDARD = gnu99;
				GCC_NO_COMMON_BLOCKS = YES;
				GCC_WARN_64_TO_32_BIT_CONVERSION = YES;
				GCC_WARN_ABOUT_RETURN_TYPE = YES_ERROR;
				GCC_WARN_UNDECLARED_SELECTOR = YES;
				GCC_WARN_UNINITIALIZED_AUTOS = YES_AGGRESSIVE;
				GCC_WARN_UNUSED_FUNCTION = YES;
				GCC_WARN_UNUSED_VARIABLE = YES;
				IPHONEOS_DEPLOYMENT_TARGET = 9.2;
				MTL_ENABLE_DEBUG_INFO = NO;
				SDKROOT = iphoneos;
				TARGETED_DEVICE_FAMILY = "1,2";
				VALIDATE_PRODUCT = YES;
			};
			name = Release;
		};
		6C18E84E1C61380400F66E7F /* Debug */ = {
			isa = XCBuildConfiguration;
			buildSettings = {
				ASSETCATALOG_COMPILER_APPICON_NAME = AppIcon;
				INFOPLIST_FILE = PokeDex/Info.plist;
				LD_RUNPATH_SEARCH_PATHS = "$(inherited) @executable_path/Frameworks";
				PRODUCT_BUNDLE_IDENTIFIER = com.ThatchedRoof.PokeDex;
				PRODUCT_NAME = "$(TARGET_NAME)";
			};
			name = Debug;
		};
		6C18E84F1C61380400F66E7F /* Release */ = {
			isa = XCBuildConfiguration;
			buildSettings = {
				ASSETCATALOG_COMPILER_APPICON_NAME = AppIcon;
				INFOPLIST_FILE = PokeDex/Info.plist;
				LD_RUNPATH_SEARCH_PATHS = "$(inherited) @executable_path/Frameworks";
				PRODUCT_BUNDLE_IDENTIFIER = com.ThatchedRoof.PokeDex;
				PRODUCT_NAME = "$(TARGET_NAME)";
			};
			name = Release;
		};
/* End XCBuildConfiguration section */

/* Begin XCConfigurationList section */
		6C18E8361C61380400F66E7F /* Build configuration list for PBXProject "PokeDex" */ = {
			isa = XCConfigurationList;
			buildConfigurations = (
				6C18E84B1C61380400F66E7F /* Debug */,
				6C18E84C1C61380400F66E7F /* Release */,
			);
			defaultConfigurationIsVisible = 0;
			defaultConfigurationName = Release;
		};
		6C18E84D1C61380400F66E7F /* Build configuration list for PBXNativeTarget "PokeDex" */ = {
			isa = XCConfigurationList;
			buildConfigurations = (
				6C18E84E1C61380400F66E7F /* Debug */,
				6C18E84F1C61380400F66E7F /* Release */,
			);
			defaultConfigurationIsVisible = 0;
			defaultConfigurationName = Release;
		};
/* End XCConfigurationList section */
	};
	rootObject = 6C18E8331C61380400F66E7F /* Project object */;
}
